
Microsoft Visual Studio Solution File, Format Version 12.00
# Visual Studio Version 17
VisualStudioVersion = 17.0.31903.59
MinimumVisualStudioVersion = 10.0.40219.1
Project("{2150E333-8FDC-42A3-9474-1A3956D46DE8}") = "src", "src", "{827E0CD3-B72D-47B6-A68D-7590B98EB39B}"
EndProject
Project("{FAE04EC0-301F-11D3-BF4B-00C04F79EFBC}") = "FalconOcr.Core", "src\FalconOcr.Core\FalconOcr.Core.csproj", "{94236DD4-F205-4B28-8984-E6E50CE76573}"
EndProject
Project("{FAE04EC0-301F-11D3-BF4B-00C04F79EFBC}") = "FalconOcr.App", "src\FalconOcr.App\FalconOcr.App.csproj", "{2A4968CE-597B-42C6-858E-21BB17E45167}"
EndProject
Project("{FAE04EC0-301F-11D3-BF4B-00C04F79EFBC}") = "FalconOcr.Cli", "src\FalconOcr.Cli\FalconOcr.Cli.csproj", "{FE9CE2E7-B2F5-4D8A-9880-C530D6B2A14E}"
EndProject
Global
	GlobalSection(SolutionConfigurationPlatforms) = preSolution
		Debug|Any CPU = Debug|Any CPU
		Debug|x64 = Debug|x64
		Debug|x86 = Debug|x86
		Release|Any CPU = Release|Any CPU
		Release|x64 = Release|x64
		Release|x86 = Release|x86
	EndGlobalSection
	GlobalSection(ProjectConfigurationPlatforms) = postSolution
		{94236DD4-F205-4B28-8984-E6E50CE76573}.Debug|Any CPU.ActiveCfg = Debug|x64
		{94236DD4-F205-4B28-8984-E6E50CE76573}.Debug|Any CPU.Build.0 = Debug|x64
		{94236DD4-F205-4B28-8984-E6E50CE76573}.Debug|x64.ActiveCfg = Debug|x64
		{94236DD4-F205-4B28-8984-E6E50CE76573}.Debug|x64.Build.0 = Debug|x64
		{94236DD4-F205-4B28-8984-E6E50CE76573}.Debug|x86.ActiveCfg = Debug|x64
		{94236DD4-F205-4B28-8984-E6E50CE76573}.Debug|x86.Build.0 = Debug|x64
		{94236DD4-F205-4B28-8984-E6E50CE76573}.Release|Any CPU.ActiveCfg = Release|x64
		{94236DD4-F205-4B28-8984-E6E50CE76573}.Release|Any CPU.Build.0 = Release|x64
		{94236DD4-F205-4B28-8984-E6E50CE76573}.Release|x64.ActiveCfg = Release|x64
		{94236DD4-F205-4B28-8984-E6E50CE76573}.Release|x64.Build.0 = Release|x64
		{94236DD4-F205-4B28-8984-E6E50CE76573}.Release|x86.ActiveCfg = Release|x64
		{94236DD4-F205-4B28-8984-E6E50CE76573}.Release|x86.Build.0 = Release|x64
		{2A4968CE-597B-42C6-858E-21BB17E45167}.Debug|Any CPU.ActiveCfg = Debug|x64
		{2A4968CE-597B-42C6-858E-21BB17E45167}.Debug|Any CPU.Build.0 = Debug|x64
		{2A4968CE-597B-42C6-858E-21BB17E45167}.Debug|x64.ActiveCfg = Debug|x64
		{2A4968CE-597B-42C6-858E-21BB17E45167}.Debug|x64.Build.0 = Debug|x64
		{2A4968CE-597B-42C6-858E-21BB17E45167}.Debug|x86.ActiveCfg = Debug|x64
		{2A4968CE-597B-42C6-858E-21BB17E45167}.Debug|x86.Build.0 = Debug|x64
		{2A4968CE-597B-42C6-858E-21BB17E45167}.Release|Any CPU.ActiveCfg = Release|x64
		{2A4968CE-597B-42C6-858E-21BB17E45167}.Release|Any CPU.Build.0 = Release|x64
		{2A4968CE-597B-42C6-858E-21BB17E45167}.Release|x64.ActiveCfg = Release|x64
		{2A4968CE-597B-42C6-858E-21BB17E45167}.Release|x64.Build.0 = Release|x64
		{2A4968CE-597B-42C6-858E-21BB17E45167}.Release|x86.ActiveCfg = Release|x64
		{2A4968CE-597B-42C6-858E-21BB17E45167}.Release|x86.Build.0 = Release|x64
		{FE9CE2E7-B2F5-4D8A-9880-C530D6B2A14E}.Debug|Any CPU.ActiveCfg = Debug|x64
		{FE9CE2E7-B2F5-4D8A-9880-C530D6B2A14E}.Debug|Any CPU.Build.0 = Debug|x64
		{FE9CE2E7-B2F5-4D8A-9880-C530D6B2A14E}.Debug|x64.ActiveCfg = Debug|x64
		{FE9CE2E7-B2F5-4D8A-9880-C530D6B2A14E}.Debug|x64.Build.0 = Debug|x64
		{FE9CE2E7-B2F5-4D8A-9880-C530D6B2A14E}.Debug|x86.ActiveCfg = Debug|x64
		{FE9CE2E7-B2F5-4D8A-9880-C530D6B2A14E}.Debug|x86.Build.0 = Debug|x64
		{FE9CE2E7-B2F5-4D8A-9880-C530D6B2A14E}.Release|Any CPU.ActiveCfg = Release|x64
		{FE9CE2E7-B2F5-4D8A-9880-C530D6B2A14E}.Release|Any CPU.Build.0 = Release|x64
		{FE9CE2E7-B2F5-4D8A-9880-C530D6B2A14E}.Release|x64.ActiveCfg = Release|x64
		{FE9CE2E7-B2F5-4D8A-9880-C530D6B2A14E}.Release|x64.Build.0 = Release|x64
		{FE9CE2E7-B2F5-4D8A-9880-C530D6B2A14E}.Release|x86.ActiveCfg = Release|x64
		{FE9CE2E7-B2F5-4D8A-9880-C530D6B2A14E}.Release|x86.Build.0 = Release|x64
	EndGlobalSection
	GlobalSection(SolutionProperties) = preSolution
		HideSolutionNode = FALSE
	EndGlobalSection
	GlobalSection(NestedProjects) = preSolution
		{94236DD4-F205-4B28-8984-E6E50CE76573} = {827E0CD3-B72D-47B6-A68D-7590B98EB39B}
		{2A4968CE-597B-42C6-858E-21BB17E45167} = {827E0CD3-B72D-47B6-A68D-7590B98EB39B}
		{FE9CE2E7-B2F5-4D8A-9880-C530D6B2A14E} = {827E0CD3-B72D-47B6-A68D-7590B98EB39B}
	EndGlobalSection
EndGlobal
